
Microsoft Visual Studio Solution File, Format Version 12.00
# Visual Studio Version 16
VisualStudioVersion = 16.0.31112.23
MinimumVisualStudioVersion = 10.0.40219.1
Project("{FAE04EC0-301F-11D3-BF4B-00C04F79EFBC}") = "Homework4", "Homework4\Homework4.csproj", "{88383DF1-60F7-4EE4-AA1C-BAB6995FA6A5}"
EndProject
Global
	GlobalSection(SolutionConfigurationPlatforms) = preSolution
		Debug|Any CPU = Debug|Any CPU
		Release|Any CPU = Release|Any CPU
	EndGlobalSection
	GlobalSection(ProjectConfigurationPlatforms) = postSolution
		{88383DF1-60F7-4EE4-AA1C-BAB6995FA6A5}.Debug|Any CPU.ActiveCfg = Debug|Any CPU
		{88383DF1-60F7-4EE4-AA1C-BAB6995FA6A5}.Debug|Any CPU.Build.0 = Debug|Any CPU
		{88383DF1-60F7-4EE4-AA1C-BAB6995FA6A5}.Release|Any CPU.ActiveCfg = Release|Any CPU
		{88383DF1-60F7-4EE4-AA1C-BAB6995FA6A5}.Release|Any CPU.Build.0 = Release|Any CPU
	EndGlobalSection
	GlobalSection(SolutionProperties) = preSolution
		HideSolutionNode = FALSE
	EndGlobalSection
	GlobalSection(ExtensibilityGlobals) = postSolution
		SolutionGuid = {F4E84968-CC1C-4A03-95E8-FF21EA563487}
	EndGlobalSection
EndGlobal
